
Microsoft Visual Studio Solution File, Format Version 12.00
Project("{F2A71F9B-5D33-465A-A702-920D77279786}") = "Workflow", "Workflow\Workflow.fsproj", "{A57DCC4F-CBDC-4E43-9E06-AA5F19CA1C50}"
EndProject
Global
	GlobalSection(SolutionConfigurationPlatforms) = preSolution
		Debug|Any CPU = Debug|Any CPU
		Release|Any CPU = Release|Any CPU
	EndGlobalSection
	GlobalSection(ProjectConfigurationPlatforms) = postSolution
		{A57DCC4F-CBDC-4E43-9E06-AA5F19CA1C50}.Debug|Any CPU.ActiveCfg = Debug|Any CPU
		{A57DCC4F-CBDC-4E43-9E06-AA5F19CA1C50}.Debug|Any CPU.Build.0 = Debug|Any CPU
		{A57DCC4F-CBDC-4E43-9E06-AA5F19CA1C50}.Release|Any CPU.ActiveCfg = Release|Any CPU
		{A57DCC4F-CBDC-4E43-9E06-AA5F19CA1C50}.Release|Any CPU.Build.0 = Release|Any CPU
	EndGlobalSection
EndGlobal
